schema: '2.0'
stages:
  data_ingestion:
    cmd: python src/data/data_ingestion.py
    deps:
    - path: src/data/data_ingestion.py
      hash: md5
      md5: 983dac3aeaf1f8247bd42cc3c383c4b2
      size: 6326
    params:
      params.yaml:
        data_ingestion.test_size: 0.2
    outs:
    - path: data/raw
      hash: md5
      md5: fb326d2eec197669f9638afde28356bf.dir
      size: 827973
      nfiles: 2
  data_preprocessing:
    cmd: python src/data/data_preprocessing.py
    deps:
    - path: data/raw
      hash: md5
      md5: fb326d2eec197669f9638afde28356bf.dir
      size: 827973
      nfiles: 2
    - path: src/data/data_preprocessing.py
      hash: md5
      md5: 81bc3ba02faddb3c194c15e417a66ee2
      size: 6155
    outs:
    - path: data/interim
      hash: md5
      md5: 985f7ec6f120c9a2bf5f6c7d8b547d7d.dir
      size: 566063
      nfiles: 2
  feature_engineering:
    cmd: python src/features/feature_engineering.py
    deps:
    - path: data/interim
      hash: md5
      md5: 985f7ec6f120c9a2bf5f6c7d8b547d7d.dir
      size: 566063
      nfiles: 2
    - path: src/features/feature_engineering.py
      hash: md5
      md5: a3cc0cb66f654b6814fb6fe0604fc847
      size: 12018
    params:
      params.yaml:
        feature_engineering.max_features: 60
    outs:
    - path: data/processed
      hash: md5
      md5: bafb4c2a588605fd6c281e56b2bcef04.dir
      size: 1276356
      nfiles: 2
  model_building:
    cmd: python src/model/model_building.py
    deps:
    - path: data/processed
      hash: md5
      md5: bafb4c2a588605fd6c281e56b2bcef04.dir
      size: 1276356
      nfiles: 2
    - path: src/model/model_building.py
      hash: md5
      md5: 991a83381cf3243e3936b2d4b36e3969
      size: 8718
    params:
      params.yaml:
        model_building.learning_rate: 0.1
        model_building.n_estimators: 25
    outs:
    - path: models/model.pkl
      hash: md5
      md5: e0dc7fe50abdf8f5a1f0b36101eb6efb
      size: 37069
  model_evaluation:
    cmd: python src/model/model_evaluation.py
    deps:
    - path: models/model.pkl
      hash: md5
      md5: e0099e65138c0218e9142b8e392798aa
      size: 37069
    - path: src/model/model_evaluation.py
      hash: md5
      md5: 9e7b4b41099f7caa830942c894e28e7f
      size: 11839
